
Microsoft Visual Studio Solution File, Format Version 12.00
# Visual Studio Version 17
VisualStudioVersion = 17.3.32819.101
MinimumVisualStudioVersion = 10.0.40219.1
Project("{FAE04EC0-301F-11D3-BF4B-00C04F79EFBC}") = "Server", "Server\Server.csproj", "{0240A52F-6032-4B70-90A4-DB22EBC198C0}"
EndProject
Global
	GlobalSection(SolutionConfigurationPlatforms) = preSolution
		Debug|Any CPU = Debug|Any CPU
		Release|Any CPU = Release|Any CPU
	EndGlobalSection
	GlobalSection(ProjectConfigurationPlatforms) = postSolution
		{0240A52F-6032-4B70-90A4-DB22EBC198C0}.Debug|Any CPU.ActiveCfg = Debug|Any CPU
		{0240A52F-6032-4B70-90A4-DB22EBC198C0}.Debug|Any CPU.Build.0 = Debug|Any CPU
		{0240A52F-6032-4B70-90A4-DB22EBC198C0}.Release|Any CPU.ActiveCfg = Release|Any CPU
		{0240A52F-6032-4B70-90A4-DB22EBC198C0}.Release|Any CPU.Build.0 = Release|Any CPU
	EndGlobalSection
	GlobalSection(SolutionProperties) = preSolution
		HideSolutionNode = FALSE
	EndGlobalSection
	GlobalSection(ExtensibilityGlobals) = postSolution
		SolutionGuid = {3408ED72-F98B-4074-BC80-C2E6748ADA0F}
	EndGlobalSection
EndGlobal
